
Microsoft Visual Studio Solution File, Format Version 12.00
# Visual Studio Version 16
VisualStudioVersion = 16.0.30907.101
MinimumVisualStudioVersion = 10.0.40219.1
Project("{9A19103F-16F7-4668-BE54-9A1E7A4F7556}") = "taxis.otavalo.web", "viaje.express.web\taxis.otavalo.web.csproj", "{50E11D1C-ADC2-4D56-82F8-71B1B0C76C01}"
EndProject
Global
	GlobalSection(SolutionConfigurationPlatforms) = preSolution
		Debug|Any CPU = Debug|Any CPU
		Release|Any CPU = Release|Any CPU
	EndGlobalSection
	GlobalSection(ProjectConfigurationPlatforms) = postSolution
		{50E11D1C-ADC2-4D56-82F8-71B1B0C76C01}.Debug|Any CPU.ActiveCfg = Debug|Any CPU
		{50E11D1C-ADC2-4D56-82F8-71B1B0C76C01}.Debug|Any CPU.Build.0 = Debug|Any CPU
		{50E11D1C-ADC2-4D56-82F8-71B1B0C76C01}.Release|Any CPU.ActiveCfg = Release|Any CPU
		{50E11D1C-ADC2-4D56-82F8-71B1B0C76C01}.Release|Any CPU.Build.0 = Release|Any CPU
	EndGlobalSection
	GlobalSection(SolutionProperties) = preSolution
		HideSolutionNode = FALSE
	EndGlobalSection
	GlobalSection(ExtensibilityGlobals) = postSolution
		SolutionGuid = {6F36F129-20A2-48A6-9DC9-D9D0C1947332}
	EndGlobalSection
EndGlobal
